
Microsoft Visual Studio Solution File, Format Version 12.00
# Visual Studio 15
VisualStudioVersion = 15.0.28307.779
MinimumVisualStudioVersion = 10.0.40219.1
Project("{FAE04EC0-301F-11D3-BF4B-00C04F79EFBC}") = "UWPMahjong", "UWPMahjong\UWPMahjong.csproj", "{10833637-A17C-4307-97C6-ABCA0E6FEF0D}"
EndProject
Global
	GlobalSection(SolutionConfigurationPlatforms) = preSolution
		Debug|ARM = Debug|ARM
		Debug|ARM64 = Debug|ARM64
		Debug|x64 = Debug|x64
		Debug|x86 = Debug|x86
		Release|ARM = Release|ARM
		Release|ARM64 = Release|ARM64
		Release|x64 = Release|x64
		Release|x86 = Release|x86
	EndGlobalSection
	GlobalSection(ProjectConfigurationPlatforms) = postSolution
		{10833637-A17C-4307-97C6-ABCA0E6FEF0D}.Debug|ARM.ActiveCfg = Debug|ARM
		{10833637-A17C-4307-97C6-ABCA0E6FEF0D}.Debug|ARM.Build.0 = Debug|ARM
		{10833637-A17C-4307-97C6-ABCA0E6FEF0D}.Debug|ARM.Deploy.0 = Debug|ARM
		{10833637-A17C-4307-97C6-ABCA0E6FEF0D}.Debug|ARM64.ActiveCfg = Debug|ARM64
		{10833637-A17C-4307-97C6-ABCA0E6FEF0D}.Debug|ARM64.Build.0 = Debug|ARM64
		{10833637-A17C-4307-97C6-ABCA0E6FEF0D}.Debug|ARM64.Deploy.0 = Debug|ARM64
		{10833637-A17C-4307-97C6-ABCA0E6FEF0D}.Debug|x64.ActiveCfg = Debug|x64
		{10833637-A17C-4307-97C6-ABCA0E6FEF0D}.Debug|x64.Build.0 = Debug|x64
		{10833637-A17C-4307-97C6-ABCA0E6FEF0D}.Debug|x64.Deploy.0 = Debug|x64
		{10833637-A17C-4307-97C6-ABCA0E6FEF0D}.Debug|x86.ActiveCfg = Debug|x86
		{10833637-A17C-4307-97C6-ABCA0E6FEF0D}.Debug|x86.Build.0 = Debug|x86
		{10833637-A17C-4307-97C6-ABCA0E6FEF0D}.Debug|x86.Deploy.0 = Debug|x86
		{10833637-A17C-4307-97C6-ABCA0E6FEF0D}.Release|ARM.ActiveCfg = Release|ARM
		{10833637-A17C-4307-97C6-ABCA0E6FEF0D}.Release|ARM.Build.0 = Release|ARM
		{10833637-A17C-4307-97C6-ABCA0E6FEF0D}.Release|ARM.Deploy.0 = Release|ARM
		{10833637-A17C-4307-97C6-ABCA0E6FEF0D}.Release|ARM64.ActiveCfg = Release|ARM64
		{10833637-A17C-4307-97C6-ABCA0E6FEF0D}.Release|ARM64.Build.0 = Release|ARM64
		{10833637-A17C-4307-97C6-ABCA0E6FEF0D}.Release|ARM64.Deploy.0 = Release|ARM64
		{10833637-A17C-4307-97C6-ABCA0E6FEF0D}.Release|x64.ActiveCfg = Release|x64
		{10833637-A17C-4307-97C6-ABCA0E6FEF0D}.Release|x64.Build.0 = Release|x64
		{10833637-A17C-4307-97C6-ABCA0E6FEF0D}.Release|x64.Deploy.0 = Release|x64
		{10833637-A17C-4307-97C6-ABCA0E6FEF0D}.Release|x86.ActiveCfg = Release|x86
		{10833637-A17C-4307-97C6-ABCA0E6FEF0D}.Release|x86.Build.0 = Release|x86
		{10833637-A17C-4307-97C6-ABCA0E6FEF0D}.Release|x86.Deploy.0 = Release|x86
	EndGlobalSection
	GlobalSection(SolutionProperties) = preSolution
		HideSolutionNode = FALSE
	EndGlobalSection
	GlobalSection(ExtensibilityGlobals) = postSolution
		SolutionGuid = {A6DDD164-C6D4-4CFD-AEB9-B6AD05080F66}
	EndGlobalSection
EndGlobal
